
Microsoft Visual Studio Solution File, Format Version 12.00
# Visual Studio Version 17
VisualStudioVersion = 17.13.35931.197
MinimumVisualStudioVersion = 10.0.40219.1
Project("{8BC9CEB8-8B4A-11D0-8D11-00A0C91BC942}") = "GUI", "GUI.vcxproj", "{AC64ED40-D1FE-69EA-F30F-18DCA7CF152B}"
EndProject
Project("{8BC9CEB8-8B4A-11D0-8D11-00A0C91BC942}") = "Sara7a", "..\Sara7a\Sara7a.vcxproj", "{37574277-2944-4665-93FE-06B1EA423257}"
EndProject
Global
	GlobalSection(SolutionConfigurationPlatforms) = preSolution
		Debug|x64 = Debug|x64
		Debug|x86 = Debug|x86
		Release|x64 = Release|x64
		Release|x86 = Release|x86
	EndGlobalSection
	GlobalSection(ProjectConfigurationPlatforms) = postSolution
		{AC64ED40-D1FE-69EA-F30F-18DCA7CF152B}.Debug|x64.ActiveCfg = Debug|x64
		{AC64ED40-D1FE-69EA-F30F-18DCA7CF152B}.Debug|x64.Build.0 = Debug|x64
		{AC64ED40-D1FE-69EA-F30F-18DCA7CF152B}.Debug|x86.ActiveCfg = Debug|Win32
		{AC64ED40-D1FE-69EA-F30F-18DCA7CF152B}.Debug|x86.Build.0 = Debug|Win32
		{AC64ED40-D1FE-69EA-F30F-18DCA7CF152B}.Release|x64.ActiveCfg = Release|x64
		{AC64ED40-D1FE-69EA-F30F-18DCA7CF152B}.Release|x64.Build.0 = Release|x64
		{AC64ED40-D1FE-69EA-F30F-18DCA7CF152B}.Release|x86.ActiveCfg = Release|Win32
		{AC64ED40-D1FE-69EA-F30F-18DCA7CF152B}.Release|x86.Build.0 = Release|Win32
		{37574277-2944-4665-93FE-06B1EA423257}.Debug|x64.ActiveCfg = Debug|x64
		{37574277-2944-4665-93FE-06B1EA423257}.Debug|x64.Build.0 = Debug|x64
		{37574277-2944-4665-93FE-06B1EA423257}.Debug|x86.ActiveCfg = Debug|Win32
		{37574277-2944-4665-93FE-06B1EA423257}.Debug|x86.Build.0 = Debug|Win32
		{37574277-2944-4665-93FE-06B1EA423257}.Release|x64.ActiveCfg = Release|x64
		{37574277-2944-4665-93FE-06B1EA423257}.Release|x64.Build.0 = Release|x64
		{37574277-2944-4665-93FE-06B1EA423257}.Release|x86.ActiveCfg = Release|Win32
		{37574277-2944-4665-93FE-06B1EA423257}.Release|x86.Build.0 = Release|Win32
	EndGlobalSection
	GlobalSection(SolutionProperties) = preSolution
		HideSolutionNode = FALSE
	EndGlobalSection
	GlobalSection(ExtensibilityGlobals) = postSolution
		SolutionGuid = {45609C6C-C20F-4725-83AC-4BE91347294A}
	EndGlobalSection
EndGlobal
